github.com/eaglc/lamer v0.0.1-alpha.9 h1:oYsktFtauicoUVzlGnnVw4oZSmPduwthvVntskW7M0M=
github.com/eaglc/lamer v0.0.1-alpha.9/go.mod h1:j26jiA6G/JxhLUi7Dz+LSLmHq5jlRYqLnL9gMQDI0e0=
stathat.com/c/consistent v1.0.0 h1:ezyc51EGcRPJUxfHGSgJjWzJdj3NiMU9pNfLNGiXV0c=
stathat.com/c/consistent v1.0.0/go.mod h1:QkzMWzcbB+yQBL2AttO6sgsQS/JSTapcDISJalmCDS0=
